// !$*UTF8*$!
{
	archiveVersion = 1;
	classes = {
	};
	objectVersion = 55;
	objects = {

/* Begin PBXBuildFile section */
		09B6577A28229F8900D54A6C /* AppDelegate.swift in Sources */ = {isa = PBXBuildFile; fileRef = 09B6577928229F8900D54A6C /* AppDelegate.swift */; };
		09B6577C28229F8900D54A6C /* SceneDelegate.swift in Sources */ = {isa = PBXBuildFile; fileRef = 09B6577B28229F8900D54A6C /* SceneDelegate.swift */; };
		09B6577E28229F8900D54A6C /* HomeViewController.swift in Sources */ = {isa = PBXBuildFile; fileRef = 09B6577D28229F8900D54A6C /* HomeViewController.swift */; };
		09B6578328229F8B00D54A6C /* Assets.xcassets in Resources */ = {isa = PBXBuildFile; fileRef = 09B6578228229F8B00D54A6C /* Assets.xcassets */; };
		09B6578628229F8B00D54A6C /* LaunchScreen.storyboard in Resources */ = {isa = PBXBuildFile; fileRef = 09B6578428229F8B00D54A6C /* LaunchScreen.storyboard */; };
		09B657972822A56200D54A6C /* ExploreViewController.swift in Sources */ = {isa = PBXBuildFile; fileRef = 09B657962822A56200D54A6C /* ExploreViewController.swift */; };
		09B657992822A56D00D54A6C /* CameraViewController.swift in Sources */ = {isa = PBXBuildFile; fileRef = 09B657982822A56D00D54A6C /* CameraViewController.swift */; };
		09B6579B2822A57900D54A6C /* NotificationsViewController.swift in Sources */ = {isa = PBXBuildFile; fileRef = 09B6579A2822A57900D54A6C /* NotificationsViewController.swift */; };
		09B6579D2822A58800D54A6C /* ProfileViewController.swift in Sources */ = {isa = PBXBuildFile; fileRef = 09B6579C2822A58800D54A6C /* ProfileViewController.swift */; };
		09B6579F2822A59B00D54A6C /* UserListViewController.swift in Sources */ = {isa = PBXBuildFile; fileRef = 09B6579E2822A59B00D54A6C /* UserListViewController.swift */; };
		09B657A12822A5B000D54A6C /* SIgnInViewController.swift in Sources */ = {isa = PBXBuildFile; fileRef = 09B657A02822A5B000D54A6C /* SIgnInViewController.swift */; };
		09B657A32822A5BD00D54A6C /* SignUpViewController.swift in Sources */ = {isa = PBXBuildFile; fileRef = 09B657A22822A5BD00D54A6C /* SignUpViewController.swift */; };
		09B657A52822A5C900D54A6C /* SettingsViewController.swift in Sources */ = {isa = PBXBuildFile; fileRef = 09B657A42822A5C900D54A6C /* SettingsViewController.swift */; };
		09B657A72822A5EC00D54A6C /* TabBarViewController.swift in Sources */ = {isa = PBXBuildFile; fileRef = 09B657A62822A5EC00D54A6C /* TabBarViewController.swift */; };
		09B657A92822A62900D54A6C /* PostViewController.swift in Sources */ = {isa = PBXBuildFile; fileRef = 09B657A82822A62900D54A6C /* PostViewController.swift */; };
		09B657AD2822A64E00D54A6C /* StorageManager.swift in Sources */ = {isa = PBXBuildFile; fileRef = 09B657AC2822A64E00D54A6C /* StorageManager.swift */; };
		09B657AF2822A66300D54A6C /* DataBaseManager.swift in Sources */ = {isa = PBXBuildFile; fileRef = 09B657AE2822A66300D54A6C /* DataBaseManager.swift */; };
		09B657B12822A67200D54A6C /* AuthenticationManager.swift in Sources */ = {isa = PBXBuildFile; fileRef = 09B657B02822A67200D54A6C /* AuthenticationManager.swift */; };
		09B657B32822A68100D54A6C /* HapticsManager.swift in Sources */ = {isa = PBXBuildFile; fileRef = 09B657B22822A68100D54A6C /* HapticsManager.swift */; };
		09B657B52822AC5000D54A6C /* GoogleService-Info.plist in Resources */ = {isa = PBXBuildFile; fileRef = 09B657B42822AC5000D54A6C /* GoogleService-Info.plist */; };
		09B657B92822CAC300D54A6C /* Extensions.swift in Sources */ = {isa = PBXBuildFile; fileRef = 09B657B82822CAC300D54A6C /* Extensions.swift */; };
		09B657BB2822D2CA00D54A6C /* PostModel.swift in Sources */ = {isa = PBXBuildFile; fileRef = 09B657BA2822D2CA00D54A6C /* PostModel.swift */; };
		09B657BD28240A3300D54A6C /* CommentsViewController.swift in Sources */ = {isa = PBXBuildFile; fileRef = 09B657BC28240A3300D54A6C /* CommentsViewController.swift */; };
		09B657BF28241D7800D54A6C /* PostComment.swift in Sources */ = {isa = PBXBuildFile; fileRef = 09B657BE28241D7800D54A6C /* PostComment.swift */; };
		09B657C228241DA900D54A6C /* User.swift in Sources */ = {isa = PBXBuildFile; fileRef = 09B657C128241DA900D54A6C /* User.swift */; };
		09B657C4282420CC00D54A6C /* CommentTableViewCell.swift in Sources */ = {isa = PBXBuildFile; fileRef = 09B657C3282420CC00D54A6C /* CommentTableViewCell.swift */; };
		09B657C6282437E300D54A6C /* video.mp4 in Resources */ = {isa = PBXBuildFile; fileRef = 09B657C5282437E300D54A6C /* video.mp4 */; };
		09DA6AFF282E79880025DBD4 /* ExploreSection.swift in Sources */ = {isa = PBXBuildFile; fileRef = 09DA6AFE282E79880025DBD4 /* ExploreSection.swift */; };
		09DA6B01282E799A0025DBD4 /* ExploreCell.swift in Sources */ = {isa = PBXBuildFile; fileRef = 09DA6B00282E799A0025DBD4 /* ExploreCell.swift */; };
		09DA6B03282E79B10025DBD4 /* ExploreSectionType.swift in Sources */ = {isa = PBXBuildFile; fileRef = 09DA6B02282E79B10025DBD4 /* ExploreSectionType.swift */; };
		09DA6B07282E7C520025DBD4 /* ExploreUserViewModel.swift in Sources */ = {isa = PBXBuildFile; fileRef = 09DA6B06282E7C520025DBD4 /* ExploreUserViewModel.swift */; };
		09DA6B09282E7C700025DBD4 /* ExploreHashtagViewModel.swift in Sources */ = {isa = PBXBuildFile; fileRef = 09DA6B08282E7C700025DBD4 /* ExploreHashtagViewModel.swift */; };
		09DA6B0B282E7C870025DBD4 /* ExplorePostViewModel.swift in Sources */ = {isa = PBXBuildFile; fileRef = 09DA6B0A282E7C870025DBD4 /* ExplorePostViewModel.swift */; };
		09DA6B0D282E7C9E0025DBD4 /* ExploreBannerViewModel.swift in Sources */ = {isa = PBXBuildFile; fileRef = 09DA6B0C282E7C9E0025DBD4 /* ExploreBannerViewModel.swift */; };
		09DA6B0F282E9C240025DBD4 /* explore.json in Resources */ = {isa = PBXBuildFile; fileRef = 09DA6B0E282E9C240025DBD4 /* explore.json */; };
		09DA6B11282E9CB80025DBD4 /* ExploreManager.swift in Sources */ = {isa = PBXBuildFile; fileRef = 09DA6B10282E9CB80025DBD4 /* ExploreManager.swift */; };
		09DA6B14282E9F320025DBD4 /* Banner.swift in Sources */ = {isa = PBXBuildFile; fileRef = 09DA6B13282E9F320025DBD4 /* Banner.swift */; };
		09DA6B16282E9F3D0025DBD4 /* Post.swift in Sources */ = {isa = PBXBuildFile; fileRef = 09DA6B15282E9F3D0025DBD4 /* Post.swift */; };
		09DA6B18282E9F470025DBD4 /* Hashtag.swift in Sources */ = {isa = PBXBuildFile; fileRef = 09DA6B17282E9F470025DBD4 /* Hashtag.swift */; };
		09DA6B1A282E9F510025DBD4 /* Creator.swift in Sources */ = {isa = PBXBuildFile; fileRef = 09DA6B19282E9F510025DBD4 /* Creator.swift */; };
		09DA6B1C282E9F9D0025DBD4 /* ExploreResponse.swift in Sources */ = {isa = PBXBuildFile; fileRef = 09DA6B1B282E9F9D0025DBD4 /* ExploreResponse.swift */; };
		09DA6B52283256380025DBD4 /* ExploreBannerCollectionViewCell.swift in Sources */ = {isa = PBXBuildFile; fileRef = 09DA6B51283256380025DBD4 /* ExploreBannerCollectionViewCell.swift */; };
		09DA6B54283256450025DBD4 /* ExplorePostCollectionViewCell.swift in Sources */ = {isa = PBXBuildFile; fileRef = 09DA6B53283256450025DBD4 /* ExplorePostCollectionViewCell.swift */; };
		09DA6B56283256500025DBD4 /* ExploreUserCollectionViewCell.swift in Sources */ = {isa = PBXBuildFile; fileRef = 09DA6B55283256500025DBD4 /* ExploreUserCollectionViewCell.swift */; };
		09DA6B58283256630025DBD4 /* ExploreHashtagCollectionViewCell.swift in Sources */ = {isa = PBXBuildFile; fileRef = 09DA6B57283256630025DBD4 /* ExploreHashtagCollectionViewCell.swift */; };
		4C8ED190512501B85B42C684 /* Pods_TikTok.framework in Frameworks */ = {isa = PBXBuildFile; fileRef = 9EC0AD5B40D699C1726EBDE6 /* Pods_TikTok.framework */; };
/* End PBXBuildFile section */

/* Begin PBXFileReference section */
		09B6577628229F8900D54A6C /* TikTok.app */ = {isa = PBXFileReference; explicitFileType = wrapper.application; includeInIndex = 0; path = TikTok.app; sourceTree = BUILT_PRODUCTS_DIR; };
		09B6577928229F8900D54A6C /* AppDelegate.swift */ = {isa = PBXFileReference; lastKnownFileType = sourcecode.swift; path = AppDelegate.swift; sourceTree = "<group>"; };
		09B6577B28229F8900D54A6C /* SceneDelegate.swift */ = {isa = PBXFileReference; lastKnownFileType = sourcecode.swift; path = SceneDelegate.swift; sourceTree = "<group>"; };
		09B6577D28229F8900D54A6C /* HomeViewController.swift */ = {isa = PBXFileReference; lastKnownFileType = sourcecode.swift; path = HomeViewController.swift; sourceTree = "<group>"; };
		09B6578228229F8B00D54A6C /* Assets.xcassets */ = {isa = PBXFileReference; lastKnownFileType = folder.assetcatalog; path = Assets.xcassets; sourceTree = "<group>"; };
		09B6578528229F8B00D54A6C /* Base */ = {isa = PBXFileReference; lastKnownFileType = file.storyboard; name = Base; path = Base.lproj/LaunchScreen.storyboard; sourceTree = "<group>"; };
		09B6578728229F8B00D54A6C /* Info.plist */ = {isa = PBXFileReference; lastKnownFileType = text.plist.xml; path = Info.plist; sourceTree = "<group>"; };
		09B657962822A56200D54A6C /* ExploreViewController.swift */ = {isa = PBXFileReference; lastKnownFileType = sourcecode.swift; path = ExploreViewController.swift; sourceTree = "<group>"; };
		09B657982822A56D00D54A6C /* CameraViewController.swift */ = {isa = PBXFileReference; lastKnownFileType = sourcecode.swift; path = CameraViewController.swift; sourceTree = "<group>"; };
		09B6579A2822A57900D54A6C /* NotificationsViewController.swift */ = {isa = PBXFileReference; lastKnownFileType = sourcecode.swift; path = NotificationsViewController.swift; sourceTree = "<group>"; };
		09B6579C2822A58800D54A6C /* ProfileViewController.swift */ = {isa = PBXFileReference; lastKnownFileType = sourcecode.swift; path = ProfileViewController.swift; sourceTree = "<group>"; };
		09B6579E2822A59B00D54A6C /* UserListViewController.swift */ = {isa = PBXFileReference; lastKnownFileType = sourcecode.swift; path = UserListViewController.swift; sourceTree = "<group>"; };
		09B657A02822A5B000D54A6C /* SIgnInViewController.swift */ = {isa = PBXFileReference; lastKnownFileType = sourcecode.swift; path = SIgnInViewController.swift; sourceTree = "<group>"; };
		09B657A22822A5BD00D54A6C /* SignUpViewController.swift */ = {isa = PBXFileReference; lastKnownFileType = sourcecode.swift; path = SignUpViewController.swift; sourceTree = "<group>"; };
		09B657A42822A5C900D54A6C /* SettingsViewController.swift */ = {isa = PBXFileReference; lastKnownFileType = sourcecode.swift; path = SettingsViewController.swift; sourceTree = "<group>"; };
		09B657A62822A5EC00D54A6C /* TabBarViewController.swift */ = {isa = PBXFileReference; lastKnownFileType = sourcecode.swift; path = TabBarViewController.swift; sourceTree = "<group>"; };
		09B657A82822A62900D54A6C /* PostViewController.swift */ = {isa = PBXFileReference; lastKnownFileType = sourcecode.swift; path = PostViewController.swift; sourceTree = "<group>"; };
		09B657AC2822A64E00D54A6C /* StorageManager.swift */ = {isa = PBXFileReference; lastKnownFileType = sourcecode.swift; path = StorageManager.swift; sourceTree = "<group>"; };
		09B657AE2822A66300D54A6C /* DataBaseManager.swift */ = {isa = PBXFileReference; lastKnownFileType = sourcecode.swift; path = DataBaseManager.swift; sourceTree = "<group>"; };
		09B657B02822A67200D54A6C /* AuthenticationManager.swift */ = {isa = PBXFileReference; lastKnownFileType = sourcecode.swift; path = AuthenticationManager.swift; sourceTree = "<group>"; };
		09B657B22822A68100D54A6C /* HapticsManager.swift */ = {isa = PBXFileReference; lastKnownFileType = sourcecode.swift; path = HapticsManager.swift; sourceTree = "<group>"; };
		09B657B42822AC5000D54A6C /* GoogleService-Info.plist */ = {isa = PBXFileReference; fileEncoding = 4; lastKnownFileType = text.plist.xml; path = "GoogleService-Info.plist"; sourceTree = "<group>"; };
		09B657B82822CAC300D54A6C /* Extensions.swift */ = {isa = PBXFileReference; lastKnownFileType = sourcecode.swift; path = Extensions.swift; sourceTree = "<group>"; };
		09B657BA2822D2CA00D54A6C /* PostModel.swift */ = {isa = PBXFileReference; lastKnownFileType = sourcecode.swift; path = PostModel.swift; sourceTree = "<group>"; };
		09B657BC28240A3300D54A6C /* CommentsViewController.swift */ = {isa = PBXFileReference; lastKnownFileType = sourcecode.swift; path = CommentsViewController.swift; sourceTree = "<group>"; };
		09B657BE28241D7800D54A6C /* PostComment.swift */ = {isa = PBXFileReference; lastKnownFileType = sourcecode.swift; path = PostComment.swift; sourceTree = "<group>"; };
		09B657C128241DA900D54A6C /* User.swift */ = {isa = PBXFileReference; lastKnownFileType = sourcecode.swift; path = User.swift; sourceTree = "<group>"; };
		09B657C3282420CC00D54A6C /* CommentTableViewCell.swift */ = {isa = PBXFileReference; lastKnownFileType = sourcecode.swift; path = CommentTableViewCell.swift; sourceTree = "<group>"; };
		09B657C5282437E300D54A6C /* video.mp4 */ = {isa = PBXFileReference; lastKnownFileType = file; path = video.mp4; sourceTree = "<group>"; };
		09DA6AFE282E79880025DBD4 /* ExploreSection.swift */ = {isa = PBXFileReference; lastKnownFileType = sourcecode.swift; path = ExploreSection.swift; sourceTree = "<group>"; };
		09DA6B00282E799A0025DBD4 /* ExploreCell.swift */ = {isa = PBXFileReference; lastKnownFileType = sourcecode.swift; path = ExploreCell.swift; sourceTree = "<group>"; };
		09DA6B02282E79B10025DBD4 /* ExploreSectionType.swift */ = {isa = PBXFileReference; lastKnownFileType = sourcecode.swift; path = ExploreSectionType.swift; sourceTree = "<group>"; };
		09DA6B06282E7C520025DBD4 /* ExploreUserViewModel.swift */ = {isa = PBXFileReference; lastKnownFileType = sourcecode.swift; path = ExploreUserViewModel.swift; sourceTree = "<group>"; };
		09DA6B08282E7C700025DBD4 /* ExploreHashtagViewModel.swift */ = {isa = PBXFileReference; lastKnownFileType = sourcecode.swift; path = ExploreHashtagViewModel.swift; sourceTree = "<group>"; };
		09DA6B0A282E7C870025DBD4 /* ExplorePostViewModel.swift */ = {isa = PBXFileReference; lastKnownFileType = sourcecode.swift; path = ExplorePostViewModel.swift; sourceTree = "<group>"; };
		09DA6B0C282E7C9E0025DBD4 /* ExploreBannerViewModel.swift */ = {isa = PBXFileReference; lastKnownFileType = sourcecode.swift; path = ExploreBannerViewModel.swift; sourceTree = "<group>"; };
		09DA6B0E282E9C240025DBD4 /* explore.json */ = {isa = PBXFileReference; fileEncoding = 4; lastKnownFileType = text.json; path = explore.json; sourceTree = "<group>"; };
		09DA6B10282E9CB80025DBD4 /* ExploreManager.swift */ = {isa = PBXFileReference; lastKnownFileType = sourcecode.swift; path = ExploreManager.swift; sourceTree = "<group>"; };
		09DA6B13282E9F320025DBD4 /* Banner.swift */ = {isa = PBXFileReference; lastKnownFileType = sourcecode.swift; path = Banner.swift; sourceTree = "<group>"; };
		09DA6B15282E9F3D0025DBD4 /* Post.swift */ = {isa = PBXFileReference; lastKnownFileType = sourcecode.swift; path = Post.swift; sourceTree = "<group>"; };
		09DA6B17282E9F470025DBD4 /* Hashtag.swift */ = {isa = PBXFileReference; lastKnownFileType = sourcecode.swift; path = Hashtag.swift; sourceTree = "<group>"; };
		09DA6B19282E9F510025DBD4 /* Creator.swift */ = {isa = PBXFileReference; lastKnownFileType = sourcecode.swift; path = Creator.swift; sourceTree = "<group>"; };
		09DA6B1B282E9F9D0025DBD4 /* ExploreResponse.swift */ = {isa = PBXFileReference; lastKnownFileType = sourcecode.swift; path = ExploreResponse.swift; sourceTree = "<group>"; };
		09DA6B51283256380025DBD4 /* ExploreBannerCollectionViewCell.swift */ = {isa = PBXFileReference; lastKnownFileType = sourcecode.swift; path = ExploreBannerCollectionViewCell.swift; sourceTree = "<group>"; };
		09DA6B53283256450025DBD4 /* ExplorePostCollectionViewCell.swift */ = {isa = PBXFileReference; lastKnownFileType = sourcecode.swift; path = ExplorePostCollectionViewCell.swift; sourceTree = "<group>"; };
		09DA6B55283256500025DBD4 /* ExploreUserCollectionViewCell.swift */ = {isa = PBXFileReference; lastKnownFileType = sourcecode.swift; path = ExploreUserCollectionViewCell.swift; sourceTree = "<group>"; };
		09DA6B57283256630025DBD4 /* ExploreHashtagCollectionViewCell.swift */ = {isa = PBXFileReference; lastKnownFileType = sourcecode.swift; path = ExploreHashtagCollectionViewCell.swift; sourceTree = "<group>"; };
		0AFB7A681D126BBD56A7F595 /* Pods-TikTok.debug.xcconfig */ = {isa = PBXFileReference; includeInIndex = 1; lastKnownFileType = text.xcconfig; name = "Pods-TikTok.debug.xcconfig"; path = "Target Support Files/Pods-TikTok/Pods-TikTok.debug.xcconfig"; sourceTree = "<group>"; };
		9EC0AD5B40D699C1726EBDE6 /* Pods_TikTok.framework */ = {isa = PBXFileReference; explicitFileType = wrapper.framework; includeInIndex = 0; path = Pods_TikTok.framework; sourceTree = BUILT_PRODUCTS_DIR; };
		B45D43BB74FA53B8D8989187 /* Pods-TikTok.release.xcconfig */ = {isa = PBXFileReference; includeInIndex = 1; lastKnownFileType = text.xcconfig; name = "Pods-TikTok.release.xcconfig"; path = "Target Support Files/Pods-TikTok/Pods-TikTok.release.xcconfig"; sourceTree = "<group>"; };
/* End PBXFileReference section */

/* Begin PBXFrameworksBuildPhase section */
		09B6577328229F8900D54A6C /* Frameworks */ = {
			isa = PBXFrameworksBuildPhase;
			buildActionMask = 2147483647;
			files = (
				4C8ED190512501B85B42C684 /* Pods_TikTok.framework in Frameworks */,
			);
			runOnlyForDeploymentPostprocessing = 0;
		};
/* End PBXFrameworksBuildPhase section */

/* Begin PBXGroup section */
		09B6576D28229F8900D54A6C = {
			isa = PBXGroup;
			children = (
				09B6577828229F8900D54A6C /* TikTok */,
				09B6577728229F8900D54A6C /* Products */,
				86398D434CE701C000B89C46 /* Pods */,
				CB55DC7984E941EA087722C8 /* Frameworks */,
			);
			sourceTree = "<group>";
		};
		09B6577728229F8900D54A6C /* Products */ = {
			isa = PBXGroup;
			children = (
				09B6577628229F8900D54A6C /* TikTok.app */,
			);
			name = Products;
			sourceTree = "<group>";
		};
		09B6577828229F8900D54A6C /* TikTok */ = {
			isa = PBXGroup;
			children = (
				09B6578D2822A04F00D54A6C /* APP */,
				09B6578E2822A07000D54A6C /* Supporting Files */,
				09B657932822A4C800D54A6C /* Managers */,
				09B657922822A4C000D54A6C /* ViewModels */,
				09B657912822A4BA00D54A6C /* Models */,
				09B657902822A4AA00D54A6C /* Views */,
				09B6578F2822A48D00D54A6C /* Controllers */,
			);
			path = TikTok;
			sourceTree = "<group>";
		};
		09B6578D2822A04F00D54A6C /* APP */ = {
			isa = PBXGroup;
			children = (
				09B6577928229F8900D54A6C /* AppDelegate.swift */,
				09B6577B28229F8900D54A6C /* SceneDelegate.swift */,
			);
			path = APP;
			sourceTree = "<group>";
		};
		09B6578E2822A07000D54A6C /* Supporting Files */ = {
			isa = PBXGroup;
			children = (
				09DA6B0E282E9C240025DBD4 /* explore.json */,
				09B657B42822AC5000D54A6C /* GoogleService-Info.plist */,
				09B6578228229F8B00D54A6C /* Assets.xcassets */,
				09B657C5282437E300D54A6C /* video.mp4 */,
				09B6578728229F8B00D54A6C /* Info.plist */,
				09B6578428229F8B00D54A6C /* LaunchScreen.storyboard */,
				09B657B82822CAC300D54A6C /* Extensions.swift */,
			);
			path = "Supporting Files";
			sourceTree = "<group>";
		};
		09B6578F2822A48D00D54A6C /* Controllers */ = {
			isa = PBXGroup;
			children = (
				09B657952822A54600D54A6C /* Other */,
				09B657942822A53800D54A6C /* Core */,
			);
			path = Controllers;
			sourceTree = "<group>";
		};
		09B657902822A4AA00D54A6C /* Views */ = {
			isa = PBXGroup;
			children = (
				09B657C3282420CC00D54A6C /* CommentTableViewCell.swift */,
				09DA6B51283256380025DBD4 /* ExploreBannerCollectionViewCell.swift */,
				09DA6B53283256450025DBD4 /* ExplorePostCollectionViewCell.swift */,
				09DA6B55283256500025DBD4 /* ExploreUserCollectionViewCell.swift */,
				09DA6B57283256630025DBD4 /* ExploreHashtagCollectionViewCell.swift */,
			);
			path = Views;
			sourceTree = "<group>";
		};
		09B657912822A4BA00D54A6C /* Models */ = {
			isa = PBXGroup;
			children = (
				09B657BA2822D2CA00D54A6C /* PostModel.swift */,
				09B657BE28241D7800D54A6C /* PostComment.swift */,
				09B657C128241DA900D54A6C /* User.swift */,
				09DA6B12282E9F0E0025DBD4 /* Explore */,
			);
			path = Models;
			sourceTree = "<group>";
		};
		09B657922822A4C000D54A6C /* ViewModels */ = {
			isa = PBXGroup;
			children = (
				09DA6B06282E7C520025DBD4 /* ExploreUserViewModel.swift */,
				09DA6B08282E7C700025DBD4 /* ExploreHashtagViewModel.swift */,
				09DA6B0A282E7C870025DBD4 /* ExplorePostViewModel.swift */,
				09DA6B0C282E7C9E0025DBD4 /* ExploreBannerViewModel.swift */,
			);
			path = ViewModels;
			sourceTree = "<group>";
		};
		09B657932822A4C800D54A6C /* Managers */ = {
			isa = PBXGroup;
			children = (
				09B657AC2822A64E00D54A6C /* StorageManager.swift */,
				09B657AE2822A66300D54A6C /* DataBaseManager.swift */,
				09B657B02822A67200D54A6C /* AuthenticationManager.swift */,
				09B657B22822A68100D54A6C /* HapticsManager.swift */,
				09DA6B10282E9CB80025DBD4 /* ExploreManager.swift */,
			);
			path = Managers;
			sourceTree = "<group>";
		};
		09B657942822A53800D54A6C /* Core */ = {
			isa = PBXGroup;
			children = (
				09B6577D28229F8900D54A6C /* HomeViewController.swift */,
				09B657962822A56200D54A6C /* ExploreViewController.swift */,
				09B657982822A56D00D54A6C /* CameraViewController.swift */,
				09B6579A2822A57900D54A6C /* NotificationsViewController.swift */,
				09B6579C2822A58800D54A6C /* ProfileViewController.swift */,
				09B657A62822A5EC00D54A6C /* TabBarViewController.swift */,
			);
			path = Core;
			sourceTree = "<group>";
		};
		09B657952822A54600D54A6C /* Other */ = {
			isa = PBXGroup;
			children = (
				09B6579E2822A59B00D54A6C /* UserListViewController.swift */,
				09B657A02822A5B000D54A6C /* SIgnInViewController.swift */,
				09B657A22822A5BD00D54A6C /* SignUpViewController.swift */,
				09B657A42822A5C900D54A6C /* SettingsViewController.swift */,
				09B657A82822A62900D54A6C /* PostViewController.swift */,
				09B657BC28240A3300D54A6C /* CommentsViewController.swift */,
			);
			path = Other;
			sourceTree = "<group>";
		};
		09DA6B12282E9F0E0025DBD4 /* Explore */ = {
			isa = PBXGroup;
			children = (
				09DA6AFE282E79880025DBD4 /* ExploreSection.swift */,
				09DA6B00282E799A0025DBD4 /* ExploreCell.swift */,
				09DA6B02282E79B10025DBD4 /* ExploreSectionType.swift */,
				09DA6B1B282E9F9D0025DBD4 /* ExploreResponse.swift */,
				09DA6B13282E9F320025DBD4 /* Banner.swift */,
				09DA6B15282E9F3D0025DBD4 /* Post.swift */,
				09DA6B17282E9F470025DBD4 /* Hashtag.swift */,
				09DA6B19282E9F510025DBD4 /* Creator.swift */,
			);
			path = Explore;
			sourceTree = "<group>";
		};
		86398D434CE701C000B89C46 /* Pods */ = {
			isa = PBXGroup;
			children = (
				0AFB7A681D126BBD56A7F595 /* Pods-TikTok.debug.xcconfig */,
				B45D43BB74FA53B8D8989187 /* Pods-TikTok.release.xcconfig */,
			);
			path = Pods;
			sourceTree = "<group>";
		};
		CB55DC7984E941EA087722C8 /* Frameworks */ = {
			isa = PBXGroup;
			children = (
				9EC0AD5B40D699C1726EBDE6 /* Pods_TikTok.framework */,
			);
			name = Frameworks;
			sourceTree = "<group>";
		};
/* End PBXGroup section */

/* Begin PBXNativeTarget section */
		09B6577528229F8900D54A6C /* TikTok */ = {
			isa = PBXNativeTarget;
			buildConfigurationList = 09B6578A28229F8B00D54A6C /* Build configuration list for PBXNativeTarget "TikTok" */;
			buildPhases = (
				21BFC5FD30F373618AFDE1D9 /* [CP] Check Pods Manifest.lock */,
				09B6577228229F8900D54A6C /* Sources */,
				09B6577328229F8900D54A6C /* Frameworks */,
				09B6577428229F8900D54A6C /* Resources */,
				78F7DA0A4A79D642776348DA /* [CP] Embed Pods Frameworks */,
				09B657B62822B0E100D54A6C /* ShellScript */,
			);
			buildRules = (
			);
			dependencies = (
			);
			name = TikTok;
			productName = TikTok;
			productReference = 09B6577628229F8900D54A6C /* TikTok.app */;
			productType = "com.apple.product-type.application";
		};
/* End PBXNativeTarget section */

/* Begin PBXProject section */
		09B6576E28229F8900D54A6C /* Project object */ = {
			isa = PBXProject;
			attributes = {
				BuildIndependentTargetsInParallel = 1;
				LastSwiftUpdateCheck = 1330;
				LastUpgradeCheck = 1330;
				TargetAttributes = {
					09B6577528229F8900D54A6C = {
						CreatedOnToolsVersion = 13.3;
					};
				};
			};
			buildConfigurationList = 09B6577128229F8900D54A6C /* Build configuration list for PBXProject "TikTok" */;
			compatibilityVersion = "Xcode 13.0";
			developmentRegion = en;
			hasScannedForEncodings = 0;
			knownRegions = (
				en,
				Base,
			);
			mainGroup = 09B6576D28229F8900D54A6C;
			productRefGroup = 09B6577728229F8900D54A6C /* Products */;
			projectDirPath = "";
			projectRoot = "";
			targets = (
				09B6577528229F8900D54A6C /* TikTok */,
			);
		};
/* End PBXProject section */

/* Begin PBXResourcesBuildPhase section */
		09B6577428229F8900D54A6C /* Resources */ = {
			isa = PBXResourcesBuildPhase;
			buildActionMask = 2147483647;
			files = (
				09DA6B0F282E9C240025DBD4 /* explore.json in Resources */,
				09B6578628229F8B00D54A6C /* LaunchScreen.storyboard in Resources */,
				09B657B52822AC5000D54A6C /* GoogleService-Info.plist in Resources */,
				09B6578328229F8B00D54A6C /* Assets.xcassets in Resources */,
				09B657C6282437E300D54A6C /* video.mp4 in Resources */,
			);
			runOnlyForDeploymentPostprocessing = 0;
		};
/* End PBXResourcesBuildPhase section */

/* Begin PBXShellScriptBuildPhase section */
		09B657B62822B0E100D54A6C /* ShellScript */ = {
			isa = PBXShellScriptBuildPhase;
			buildActionMask = 2147483647;
			files = (
			);
			inputFileListPaths = (
			);
			inputPaths = (
			);
			outputFileListPaths = (
			);
			outputPaths = (
			);
			runOnlyForDeploymentPostprocessing = 0;
			shellPath = /bin/sh;
			shellScript = "\"${PODS_ROOT}/FirebaseCrashlytics/run\"\n";
		};
		21BFC5FD30F373618AFDE1D9 /* [CP] Check Pods Manifest.lock */ = {
			isa = PBXShellScriptBuildPhase;
			buildActionMask = 2147483647;
			files = (
			);
			inputFileListPaths = (
			);
			inputPaths = (
				"${PODS_PODFILE_DIR_PATH}/Podfile.lock",
				"${PODS_ROOT}/Manifest.lock",
			);
			name = "[CP] Check Pods Manifest.lock";
			outputFileListPaths = (
			);
			outputPaths = (
				"$(DERIVED_FILE_DIR)/Pods-TikTok-checkManifestLockResult.txt",
			);
			runOnlyForDeploymentPostprocessing = 0;
			shellPath = /bin/sh;
			shellScript = "diff \"${PODS_PODFILE_DIR_PATH}/Podfile.lock\" \"${PODS_ROOT}/Manifest.lock\" > /dev/null\nif [ $? != 0 ] ; then\n    # print error to STDERR\n    echo \"error: The sandbox is not in sync with the Podfile.lock. Run 'pod install' or update your CocoaPods installation.\" >&2\n    exit 1\nfi\n# This output is used by Xcode 'outputs' to avoid re-running this script phase.\necho \"SUCCESS\" > \"${SCRIPT_OUTPUT_FILE_0}\"\n";
			showEnvVarsInLog = 0;
		};
		78F7DA0A4A79D642776348DA /* [CP] Embed Pods Frameworks */ = {
			isa = PBXShellScriptBuildPhase;
			buildActionMask = 2147483647;
			files = (
			);
			inputFileListPaths = (
				"${PODS_ROOT}/Target Support Files/Pods-TikTok/Pods-TikTok-frameworks-${CONFIGURATION}-input-files.xcfilelist",
			);
			name = "[CP] Embed Pods Frameworks";
			outputFileListPaths = (
				"${PODS_ROOT}/Target Support Files/Pods-TikTok/Pods-TikTok-frameworks-${CONFIGURATION}-output-files.xcfilelist",
			);
			runOnlyForDeploymentPostprocessing = 0;
			shellPath = /bin/sh;
			shellScript = "\"${PODS_ROOT}/Target Support Files/Pods-TikTok/Pods-TikTok-frameworks.sh\"\n";
			showEnvVarsInLog = 0;
		};
/* End PBXShellScriptBuildPhase section */

/* Begin PBXSourcesBuildPhase section */
		09B6577228229F8900D54A6C /* Sources */ = {
			isa = PBXSourcesBuildPhase;
			buildActionMask = 2147483647;
			files = (
				09B657B32822A68100D54A6C /* HapticsManager.swift in Sources */,
				09B657B92822CAC300D54A6C /* Extensions.swift in Sources */,
				09B657AF2822A66300D54A6C /* DataBaseManager.swift in Sources */,
				09DA6AFF282E79880025DBD4 /* ExploreSection.swift in Sources */,
				09DA6B11282E9CB80025DBD4 /* ExploreManager.swift in Sources */,
				09B657C4282420CC00D54A6C /* CommentTableViewCell.swift in Sources */,
				09B657972822A56200D54A6C /* ExploreViewController.swift in Sources */,
				09B6579F2822A59B00D54A6C /* UserListViewController.swift in Sources */,
				09DA6B52283256380025DBD4 /* ExploreBannerCollectionViewCell.swift in Sources */,
				09DA6B09282E7C700025DBD4 /* ExploreHashtagViewModel.swift in Sources */,
				09B657A52822A5C900D54A6C /* SettingsViewController.swift in Sources */,
				09B657A92822A62900D54A6C /* PostViewController.swift in Sources */,
				09B657992822A56D00D54A6C /* CameraViewController.swift in Sources */,
				09DA6B1A282E9F510025DBD4 /* Creator.swift in Sources */,
				09DA6B18282E9F470025DBD4 /* Hashtag.swift in Sources */,
				09DA6B16282E9F3D0025DBD4 /* Post.swift in Sources */,
				09DA6B07282E7C520025DBD4 /* ExploreUserViewModel.swift in Sources */,
				09DA6B01282E799A0025DBD4 /* ExploreCell.swift in Sources */,
				09B657BD28240A3300D54A6C /* CommentsViewController.swift in Sources */,
				09B657A72822A5EC00D54A6C /* TabBarViewController.swift in Sources */,
				09B657C228241DA900D54A6C /* User.swift in Sources */,
				09DA6B0B282E7C870025DBD4 /* ExplorePostViewModel.swift in Sources */,
				09B6577E28229F8900D54A6C /* HomeViewController.swift in Sources */,
				09B657A32822A5BD00D54A6C /* SignUpViewController.swift in Sources */,
				09B657A12822A5B000D54A6C /* SIgnInViewController.swift in Sources */,
				09B657B12822A67200D54A6C /* AuthenticationManager.swift in Sources */,
				09B657BF28241D7800D54A6C /* PostComment.swift in Sources */,
				09DA6B1C282E9F9D0025DBD4 /* ExploreResponse.swift in Sources */,
				09B6579B2822A57900D54A6C /* NotificationsViewController.swift in Sources */,
				09B657BB2822D2CA00D54A6C /* PostModel.swift in Sources */,
				09DA6B54283256450025DBD4 /* ExplorePostCollectionViewCell.swift in Sources */,
				09DA6B58283256630025DBD4 /* ExploreHashtagCollectionViewCell.swift in Sources */,
				09DA6B0D282E7C9E0025DBD4 /* ExploreBannerViewModel.swift in Sources */,
				09B6579D2822A58800D54A6C /* ProfileViewController.swift in Sources */,
				09B657AD2822A64E00D54A6C /* StorageManager.swift in Sources */,
				09B6577A28229F8900D54A6C /* AppDelegate.swift in Sources */,
				09DA6B56283256500025DBD4 /* ExploreUserCollectionViewCell.swift in Sources */,
				09DA6B14282E9F320025DBD4 /* Banner.swift in Sources */,
				09B6577C28229F8900D54A6C /* SceneDelegate.swift in Sources */,
				09DA6B03282E79B10025DBD4 /* ExploreSectionType.swift in Sources */,
			);
			runOnlyForDeploymentPostprocessing = 0;
		};
/* End PBXSourcesBuildPhase section */

/* Begin PBXVariantGroup section */
		09B6578428229F8B00D54A6C /* LaunchScreen.storyboard */ = {
			isa = PBXVariantGroup;
			children = (
				09B6578528229F8B00D54A6C /* Base */,
			);
			name = LaunchScreen.storyboard;
			sourceTree = "<group>";
		};
/* End PBXVariantGroup section */

/* Begin XCBuildConfiguration section */
		09B6578828229F8B00D54A6C /* Debug */ = {
			isa = XCBuildConfiguration;
			buildSettings = {
				ALWAYS_SEARCH_USER_PATHS = NO;
				CLANG_ANALYZER_NONNULL = YES;
				CLANG_ANALYZER_NUMBER_OBJECT_CONVERSION = YES_AGGRESSIVE;
				CLANG_CXX_LANGUAGE_STANDARD = "gnu++17";
				CLANG_ENABLE_MODULES = YES;
				CLANG_ENABLE_OBJC_ARC = YES;
				CLANG_ENABLE_OBJC_WEAK = YES;
				CLANG_WARN_BLOCK_CAPTURE_AUTORELEASING = YES;
				CLANG_WARN_BOOL_CONVERSION = YES;
				CLANG_WARN_COMMA = YES;
				CLANG_WARN_CONSTANT_CONVERSION = YES;
				CLANG_WARN_DEPRECATED_OBJC_IMPLEMENTATIONS = YES;
				CLANG_WARN_DIRECT_OBJC_ISA_USAGE = YES_ERROR;
				CLANG_WARN_DOCUMENTATION_COMMENTS = YES;
				CLANG_WARN_EMPTY_BODY = YES;
				CLANG_WARN_ENUM_CONVERSION = YES;
				CLANG_WARN_INFINITE_RECURSION = YES;
				CLANG_WARN_INT_CONVERSION = YES;
				CLANG_WARN_NON_LITERAL_NULL_CONVERSION = YES;
				CLANG_WARN_OBJC_IMPLICIT_RETAIN_SELF = YES;
				CLANG_WARN_OBJC_LITERAL_CONVERSION = YES;
				CLANG_WARN_OBJC_ROOT_CLASS = YES_ERROR;
				CLANG_WARN_QUOTED_INCLUDE_IN_FRAMEWORK_HEADER = YES;
				CLANG_WARN_RANGE_LOOP_ANALYSIS = YES;
				CLANG_WARN_STRICT_PROTOTYPES = YES;
				CLANG_WARN_SUSPICIOUS_MOVE = YES;
				CLANG_WARN_UNGUARDED_AVAILABILITY = YES_AGGRESSIVE;
				CLANG_WARN_UNREACHABLE_CODE = YES;
				CLANG_WARN__DUPLICATE_METHOD_MATCH = YES;
				COPY_PHASE_STRIP = NO;
				DEBUG_INFORMATION_FORMAT = dwarf;
				ENABLE_STRICT_OBJC_MSGSEND = YES;
				ENABLE_TESTABILITY = YES;
				GCC_C_LANGUAGE_STANDARD = gnu11;
				GCC_DYNAMIC_NO_PIC = NO;
				GCC_NO_COMMON_BLOCKS = YES;
				GCC_OPTIMIZATION_LEVEL = 0;
				GCC_PREPROCESSOR_DEFINITIONS = (
					"DEBUG=1",
					"$(inherited)",
				);
				GCC_WARN_64_TO_32_BIT_CONVERSION = YES;
				GCC_WARN_ABOUT_RETURN_TYPE = YES_ERROR;
				GCC_WARN_UNDECLARED_SELECTOR = YES;
				GCC_WARN_UNINITIALIZED_AUTOS = YES_AGGRESSIVE;
				GCC_WARN_UNUSED_FUNCTION = YES;
				GCC_WARN_UNUSED_VARIABLE = YES;
				IPHONEOS_DEPLOYMENT_TARGET = 15.4;
				MTL_ENABLE_DEBUG_INFO = INCLUDE_SOURCE;
				MTL_FAST_MATH = YES;
				ONLY_ACTIVE_ARCH = YES;
				SDKROOT = iphoneos;
				SWIFT_ACTIVE_COMPILATION_CONDITIONS = DEBUG;
				SWIFT_OPTIMIZATION_LEVEL = "-Onone";
			};
			name = Debug;
		};
		09B6578928229F8B00D54A6C /* Release */ = {
			isa = XCBuildConfiguration;
			buildSettings = {
				ALWAYS_SEARCH_USER_PATHS = NO;
				CLANG_ANALYZER_NONNULL = YES;
				CLANG_ANALYZER_NUMBER_OBJECT_CONVERSION = YES_AGGRESSIVE;
				CLANG_CXX_LANGUAGE_STANDARD = "gnu++17";
				CLANG_ENABLE_MODULES = YES;
				CLANG_ENABLE_OBJC_ARC = YES;
				CLANG_ENABLE_OBJC_WEAK = YES;
				CLANG_WARN_BLOCK_CAPTURE_AUTORELEASING = YES;
				CLANG_WARN_BOOL_CONVERSION = YES;
				CLANG_WARN_COMMA = YES;
				CLANG_WARN_CONSTANT_CONVERSION = YES;
				CLANG_WARN_DEPRECATED_OBJC_IMPLEMENTATIONS = YES;
				CLANG_WARN_DIRECT_OBJC_ISA_USAGE = YES_ERROR;
				CLANG_WARN_DOCUMENTATION_COMMENTS = YES;
				CLANG_WARN_EMPTY_BODY = YES;
				CLANG_WARN_ENUM_CONVERSION = YES;
				CLANG_WARN_INFINITE_RECURSION = YES;
				CLANG_WARN_INT_CONVERSION = YES;
				CLANG_WARN_NON_LITERAL_NULL_CONVERSION = YES;
				CLANG_WARN_OBJC_IMPLICIT_RETAIN_SELF = YES;
				CLANG_WARN_OBJC_LITERAL_CONVERSION = YES;
				CLANG_WARN_OBJC_ROOT_CLASS = YES_ERROR;
				CLANG_WARN_QUOTED_INCLUDE_IN_FRAMEWORK_HEADER = YES;
				CLANG_WARN_RANGE_LOOP_ANALYSIS = YES;
				CLANG_WARN_STRICT_PROTOTYPES = YES;
				CLANG_WARN_SUSPICIOUS_MOVE = YES;
				CLANG_WARN_UNGUARDED_AVAILABILITY = YES_AGGRESSIVE;
				CLANG_WARN_UNREACHABLE_CODE = YES;
				CLANG_WARN__DUPLICATE_METHOD_MATCH = YES;
				COPY_PHASE_STRIP = NO;
				DEBUG_INFORMATION_FORMAT = "dwarf-with-dsym";
				ENABLE_NS_ASSERTIONS = NO;
				ENABLE_STRICT_OBJC_MSGSEND = YES;
				GCC_C_LANGUAGE_STANDARD = gnu11;
				GCC_NO_COMMON_BLOCKS = YES;
				GCC_WARN_64_TO_32_BIT_CONVERSION = YES;
				GCC_WARN_ABOUT_RETURN_TYPE = YES_ERROR;
				GCC_WARN_UNDECLARED_SELECTOR = YES;
				GCC_WARN_UNINITIALIZED_AUTOS = YES_AGGRESSIVE;
				GCC_WARN_UNUSED_FUNCTION = YES;
				GCC_WARN_UNUSED_VARIABLE = YES;
				IPHONEOS_DEPLOYMENT_TARGET = 15.4;
				MTL_ENABLE_DEBUG_INFO = NO;
				MTL_FAST_MATH = YES;
				SDKROOT = iphoneos;
				SWIFT_COMPILATION_MODE = wholemodule;
				SWIFT_OPTIMIZATION_LEVEL = "-O";
				VALIDATE_PRODUCT = YES;
			};
			name = Release;
		};
		09B6578B28229F8B00D54A6C /* Debug */ = {
			isa = XCBuildConfiguration;
			baseConfigurationReference = 0AFB7A681D126BBD56A7F595 /* Pods-TikTok.debug.xcconfig */;
			buildSettings = {
				ASSETCATALOG_COMPILER_APPICON_NAME = AppIcon;
				ASSETCATALOG_COMPILER_GLOBAL_ACCENT_COLOR_NAME = AccentColor;
				CODE_SIGN_STYLE = Automatic;
				CURRENT_PROJECT_VERSION = 1;
				DEBUG_INFORMATION_FORMAT = "dwarf-with-dsym";
				DEVELOPMENT_TEAM = XZ3GM4S56F;
				GENERATE_INFOPLIST_FILE = YES;
				INFOPLIST_FILE = "TikTok/Supporting Files/Info.plist";
				INFOPLIST_KEY_CFBundleDisplayName = TikTok;
				INFOPLIST_KEY_UIApplicationSupportsIndirectInputEvents = YES;
				INFOPLIST_KEY_UILaunchStoryboardName = LaunchScreen;
				INFOPLIST_KEY_UISupportedInterfaceOrientations = UIInterfaceOrientationPortrait;
				INFOPLIST_KEY_UISupportedInterfaceOrientations_iPad = "UIInterfaceOrientationPortrait UIInterfaceOrientationPortraitUpsideDown UIInterfaceOrientationLandscapeLeft UIInterfaceOrientationLandscapeRight";
				INFOPLIST_KEY_UISupportedInterfaceOrientations_iPhone = "UIInterfaceOrientationPortrait UIInterfaceOrientationLandscapeLeft UIInterfaceOrientationLandscapeRight";
				IPHONEOS_DEPLOYMENT_TARGET = 13.0;
				LD_RUNPATH_SEARCH_PATHS = (
					"$(inherited)",
					"@executable_path/Frameworks",
				);
				MARKETING_VERSION = 1.0;
				PRODUCT_BUNDLE_IDENTIFIER = shotikoKlibadze.TikTok;
				PRODUCT_NAME = "$(TARGET_NAME)";
				SWIFT_EMIT_LOC_STRINGS = YES;
				SWIFT_VERSION = 5.0;
				TARGETED_DEVICE_FAMILY = 1;
			};
			name = Debug;
		};
		09B6578C28229F8B00D54A6C /* Release */ = {
			isa = XCBuildConfiguration;
			baseConfigurationReference = B45D43BB74FA53B8D8989187 /* Pods-TikTok.release.xcconfig */;
			buildSettings = {
				ASSETCATALOG_COMPILER_APPICON_NAME = AppIcon;
				ASSETCATALOG_COMPILER_GLOBAL_ACCENT_COLOR_NAME = AccentColor;
				CODE_SIGN_STYLE = Automatic;
				CURRENT_PROJECT_VERSION = 1;
				DEBUG_INFORMATION_FORMAT = "dwarf-with-dsym";
				DEVELOPMENT_TEAM = XZ3GM4S56F;
				GENERATE_INFOPLIST_FILE = YES;
				INFOPLIST_FILE = "TikTok/Supporting Files/Info.plist";
				INFOPLIST_KEY_CFBundleDisplayName = TikTok;
				INFOPLIST_KEY_UIApplicationSupportsIndirectInputEvents = YES;
				INFOPLIST_KEY_UILaunchStoryboardName = LaunchScreen;
				INFOPLIST_KEY_UISupportedInterfaceOrientations = UIInterfaceOrientationPortrait;
				INFOPLIST_KEY_UISupportedInterfaceOrientations_iPad = "UIInterfaceOrientationPortrait UIInterfaceOrientationPortraitUpsideDown UIInterfaceOrientationLandscapeLeft UIInterfaceOrientationLandscapeRight";
				INFOPLIST_KEY_UISupportedInterfaceOrientations_iPhone = "UIInterfaceOrientationPortrait UIInterfaceOrientationLandscapeLeft UIInterfaceOrientationLandscapeRight";
				IPHONEOS_DEPLOYMENT_TARGET = 13.0;
				LD_RUNPATH_SEARCH_PATHS = (
					"$(inherited)",
					"@executable_path/Frameworks",
				);
				MARKETING_VERSION = 1.0;
				PRODUCT_BUNDLE_IDENTIFIER = shotikoKlibadze.TikTok;
				PRODUCT_NAME = "$(TARGET_NAME)";
				SWIFT_EMIT_LOC_STRINGS = YES;
				SWIFT_VERSION = 5.0;
				TARGETED_DEVICE_FAMILY = 1;
			};
			name = Release;
		};
/* End XCBuildConfiguration section */

/* Begin XCConfigurationList section */
		09B6577128229F8900D54A6C /* Build configuration list for PBXProject "TikTok" */ = {
			isa = XCConfigurationList;
			buildConfigurations = (
				09B6578828229F8B00D54A6C /* Debug */,
				09B6578928229F8B00D54A6C /* Release */,
			);
			defaultConfigurationIsVisible = 0;
			defaultConfigurationName = Release;
		};
		09B6578A28229F8B00D54A6C /* Build configuration list for PBXNativeTarget "TikTok" */ = {
			isa = XCConfigurationList;
			buildConfigurations = (
				09B6578B28229F8B00D54A6C /* Debug */,
				09B6578C28229F8B00D54A6C /* Release */,
			);
			defaultConfigurationIsVisible = 0;
			defaultConfigurationName = Release;
		};
/* End XCConfigurationList section */
	};
	rootObject = 09B6576E28229F8900D54A6C /* Project object */;
}
